
Microsoft Visual Studio Solution File, Format Version 12.00
# Visual Studio Version 16
VisualStudioVersion = 16.0.31205.134
MinimumVisualStudioVersion = 10.0.40219.1
Project("{8BC9CEB8-8B4A-11D0-8D11-00A0C91BC942}") = "Temp", "Temp.vcxproj", "{DC9DBC47-8917-406B-AA34-54EA55ECFB67}"
EndProject
Project("{8BC9CEB8-8B4A-11D0-8D11-00A0C91BC942}") = "linkedlist", "..\linkedlist\linkedlist.vcxproj", "{4CD325E8-A41F-4C3B-BCF2-79DC459DC4C8}"
EndProject
Project("{8BC9CEB8-8B4A-11D0-8D11-00A0C91BC942}") = "linkedlist2", "..\linkedlist2\linkedlist2.vcxproj", "{5770CA38-71B2-44DC-B030-079A427E7508}"
EndProject
Project("{8BC9CEB8-8B4A-11D0-8D11-00A0C91BC942}") = "단방향연결리스트", "..\단방향연결리스트\단방향연결리스트.vcxproj", "{4920CC66-695A-497E-BE39-8BA3CC92EF06}"
EndProject
Project("{8BC9CEB8-8B4A-11D0-8D11-00A0C91BC942}") = "이중연결리스트", "..\이중연결리스트\이중연결리스트.vcxproj", "{960F7C82-7A38-4932-A5C8-9FD47589EE32}"
EndProject
Project("{8BC9CEB8-8B4A-11D0-8D11-00A0C91BC942}") = "원형리스트", "..\원형리스트\원형리스트.vcxproj", "{42125982-38CB-4521-8925-03959C56876E}"
EndProject
Global
	GlobalSection(SolutionConfigurationPlatforms) = preSolution
		Debug|x64 = Debug|x64
		Debug|x86 = Debug|x86
		Release|x64 = Release|x64
		Release|x86 = Release|x86
	EndGlobalSection
	GlobalSection(ProjectConfigurationPlatforms) = postSolution
		{DC9DBC47-8917-406B-AA34-54EA55ECFB67}.Debug|x64.ActiveCfg = Debug|x64
		{DC9DBC47-8917-406B-AA34-54EA55ECFB67}.Debug|x64.Build.0 = Debug|x64
		{DC9DBC47-8917-406B-AA34-54EA55ECFB67}.Debug|x86.ActiveCfg = Debug|Win32
		{DC9DBC47-8917-406B-AA34-54EA55ECFB67}.Debug|x86.Build.0 = Debug|Win32
		{DC9DBC47-8917-406B-AA34-54EA55ECFB67}.Release|x64.ActiveCfg = Release|x64
		{DC9DBC47-8917-406B-AA34-54EA55ECFB67}.Release|x64.Build.0 = Release|x64
		{DC9DBC47-8917-406B-AA34-54EA55ECFB67}.Release|x86.ActiveCfg = Release|Win32
		{DC9DBC47-8917-406B-AA34-54EA55ECFB67}.Release|x86.Build.0 = Release|Win32
		{4CD325E8-A41F-4C3B-BCF2-79DC459DC4C8}.Debug|x64.ActiveCfg = Debug|x64
		{4CD325E8-A41F-4C3B-BCF2-79DC459DC4C8}.Debug|x64.Build.0 = Debug|x64
		{4CD325E8-A41F-4C3B-BCF2-79DC459DC4C8}.Debug|x86.ActiveCfg = Debug|Win32
		{4CD325E8-A41F-4C3B-BCF2-79DC459DC4C8}.Debug|x86.Build.0 = Debug|Win32
		{4CD325E8-A41F-4C3B-BCF2-79DC459DC4C8}.Release|x64.ActiveCfg = Release|x64
		{4CD325E8-A41F-4C3B-BCF2-79DC459DC4C8}.Release|x64.Build.0 = Release|x64
		{4CD325E8-A41F-4C3B-BCF2-79DC459DC4C8}.Release|x86.ActiveCfg = Release|Win32
		{4CD325E8-A41F-4C3B-BCF2-79DC459DC4C8}.Release|x86.Build.0 = Release|Win32
		{5770CA38-71B2-44DC-B030-079A427E7508}.Debug|x64.ActiveCfg = Debug|x64
		{5770CA38-71B2-44DC-B030-079A427E7508}.Debug|x64.Build.0 = Debug|x64
		{5770CA38-71B2-44DC-B030-079A427E7508}.Debug|x86.ActiveCfg = Debug|Win32
		{5770CA38-71B2-44DC-B030-079A427E7508}.Debug|x86.Build.0 = Debug|Win32
		{5770CA38-71B2-44DC-B030-079A427E7508}.Release|x64.ActiveCfg = Release|x64
		{5770CA38-71B2-44DC-B030-079A427E7508}.Release|x64.Build.0 = Release|x64
		{5770CA38-71B2-44DC-B030-079A427E7508}.Release|x86.ActiveCfg = Release|Win32
		{5770CA38-71B2-44DC-B030-079A427E7508}.Release|x86.Build.0 = Release|Win32
		{4920CC66-695A-497E-BE39-8BA3CC92EF06}.Debug|x64.ActiveCfg = Debug|x64
		{4920CC66-695A-497E-BE39-8BA3CC92EF06}.Debug|x64.Build.0 = Debug|x64
		{4920CC66-695A-497E-BE39-8BA3CC92EF06}.Debug|x86.ActiveCfg = Debug|Win32
		{4920CC66-695A-497E-BE39-8BA3CC92EF06}.Debug|x86.Build.0 = Debug|Win32
		{4920CC66-695A-497E-BE39-8BA3CC92EF06}.Release|x64.ActiveCfg = Release|x64
		{4920CC66-695A-497E-BE39-8BA3CC92EF06}.Release|x64.Build.0 = Release|x64
		{4920CC66-695A-497E-BE39-8BA3CC92EF06}.Release|x86.ActiveCfg = Release|Win32
		{4920CC66-695A-497E-BE39-8BA3CC92EF06}.Release|x86.Build.0 = Release|Win32
		{960F7C82-7A38-4932-A5C8-9FD47589EE32}.Debug|x64.ActiveCfg = Debug|x64
		{960F7C82-7A38-4932-A5C8-9FD47589EE32}.Debug|x64.Build.0 = Debug|x64
		{960F7C82-7A38-4932-A5C8-9FD47589EE32}.Debug|x86.ActiveCfg = Debug|Win32
		{960F7C82-7A38-4932-A5C8-9FD47589EE32}.Debug|x86.Build.0 = Debug|Win32
		{960F7C82-7A38-4932-A5C8-9FD47589EE32}.Release|x64.ActiveCfg = Release|x64
		{960F7C82-7A38-4932-A5C8-9FD47589EE32}.Release|x64.Build.0 = Release|x64
		{960F7C82-7A38-4932-A5C8-9FD47589EE32}.Release|x86.ActiveCfg = Release|Win32
		{960F7C82-7A38-4932-A5C8-9FD47589EE32}.Release|x86.Build.0 = Release|Win32
		{42125982-38CB-4521-8925-03959C56876E}.Debug|x64.ActiveCfg = Debug|x64
		{42125982-38CB-4521-8925-03959C56876E}.Debug|x64.Build.0 = Debug|x64
		{42125982-38CB-4521-8925-03959C56876E}.Debug|x86.ActiveCfg = Debug|Win32
		{42125982-38CB-4521-8925-03959C56876E}.Debug|x86.Build.0 = Debug|Win32
		{42125982-38CB-4521-8925-03959C56876E}.Release|x64.ActiveCfg = Release|x64
		{42125982-38CB-4521-8925-03959C56876E}.Release|x64.Build.0 = Release|x64
		{42125982-38CB-4521-8925-03959C56876E}.Release|x86.ActiveCfg = Release|Win32
		{42125982-38CB-4521-8925-03959C56876E}.Release|x86.Build.0 = Release|Win32
	EndGlobalSection
	GlobalSection(SolutionProperties) = preSolution
		HideSolutionNode = FALSE
	EndGlobalSection
	GlobalSection(ExtensibilityGlobals) = postSolution
		SolutionGuid = {B4586225-D279-4163-BE9E-3BA6D8E8037E}
	EndGlobalSection
EndGlobal
